NeoBundleLock vim-css3-syntax d6b86507f70fd183a37682a90dc48b9ffc63c093
NeoBundleLock vim-haml 204e32721154766e03e99ff857bc798aa5b741dc
NeoBundleLock unite.vim 22e1307fb6664192d3a6f526291282b8368438ed
NeoBundleLock vimproc.vim 9baa1ca5deeab9687b987b336507a9c531faa5f6
NeoBundleLock syntastic 6fdd39438896b5a209f4cbdb40abd2c1f5f7555e
NeoBundleLock vim-airline 4a2208821e1d334c4d3cdf66cd1fd0968755e16a
NeoBundleLock nerdcommenter 6549cfde45339bd4f711504196ff3e8b766ef5e6
NeoBundleLock grep.vim 852ddb0c6590bbc41c508d7f5d2fc17112492def
NeoBundleLock molokai db8ce13b3737d3ddea8368498183d7c204a762eb
NeoBundleLock vim-gitgutter 1a68abedf1115482beb02834ebc42bc3f6a07672
NeoBundleLock vim-php-namespace 9a1c88cd14162f61a3535d514b5d07a1e4f12805
NeoBundleLock vim-rspec 65735f6416feccbc0ea408f3d6fc3fefc7be0b3f
NeoBundleLock vim-surround fa433e0b7330753688f715f3be5d10dc480f20e5
NeoBundleLock HTML-AutoCloseTag c2f6f59cf5c08dd487ef361f93ba09317a840e25
NeoBundleLock vim-projectionist ef252eb227928df6f63590f21584a46c08792021
NeoBundleLock vim-fugitive 2c8461db084d205903a792a23163faa546f143c9
NeoBundleLock nerdtree 3b98a7fcae8f9fff356907171f0406ff8cd28921
NeoBundleLock vimshell.vim 9d7032278910322bd0b390262ec440ed16504d38
NeoBundleLock vim-merginal cce71093e82ac9bf10e55b1ccf10ec8f3a81e6dd
NeoBundleLock neosnippet.vim 811176b29b1a60a164c9878f8dcbe4a680ee32e5
NeoBundleLock CSApprox a2958096696f9132ef0ece44b3fab93dac6df8d0
NeoBundleLock gitv 1ae9ba66a4dac0e0f8a704e4688c2df45180a782
NeoBundleLock vim-rails f7d264fc27b3dfcbc54f8b16f3ae6aea4f92ee4c
NeoBundleLock vim-coloresque 0c21b1469993e610600e88e734ffe90b9c10a514
NeoBundleLock neobundle.vim a4c2ce81f007144e34a7064325d55b94beb04f0d
NeoBundleLock neosnippet-snippets 74d7ebcb10f2e4035b7adedd36019d4e238827c1
NeoBundleLock neomru.vim 7df9999b841228661ff73909c5b9e34952331e22
NeoBundleLock vim-rake 13533d90cfcc735cf4e187eb0c223289ed2dbb1c
NeoBundleLock tagbar f9c5f24576e82aae5ab8a5480f1ae48615354e40
NeoBundleLock vim-polyglot 617b01a5b6aa3cadb25b2ff8639e330cfc6cf3c1
